// !$*UTF8*$!
{
	archiveVersion = 1;
	classes = {
	};
	objectVersion = 55;
	objects = {

/* Begin PBXBuildFile section */
		BF8869112859046000ACF3BB /* AppDelegate.swift in Sources */ = {isa = PBXBuildFile; fileRef = BF8869102859046000ACF3BB /* AppDelegate.swift */; };
		BF8869132859046000ACF3BB /* SceneDelegate.swift in Sources */ = {isa = PBXBuildFile; fileRef = BF8869122859046000ACF3BB /* SceneDelegate.swift */; };
		BF8869152859046000ACF3BB /* ViewController.swift in Sources */ = {isa = PBXBuildFile; fileRef = BF8869142859046000ACF3BB /* ViewController.swift */; };
		BF8869182859046000ACF3BB /* Main.storyboard in Resources */ = {isa = PBXBuildFile; fileRef = BF8869162859046000ACF3BB /* Main.storyboard */; };
		BF88691B2859046000ACF3BB /* ROE.xcdatamodeld in Sources */ = {isa = PBXBuildFile; fileRef = BF8869192859046000ACF3BB /* ROE.xcdatamodeld */; };
		BF88691D2859046800ACF3BB /* Assets.xcassets in Resources */ = {isa = PBXBuildFile; fileRef = BF88691C2859046800ACF3BB /* Assets.xcassets */; };
		BF8869202859046800ACF3BB /* LaunchScreen.storyboard in Resources */ = {isa = PBXBuildFile; fileRef = BF88691E2859046800ACF3BB /* LaunchScreen.storyboard */; };
		BF88692B2859046900ACF3BB /* ROETests.swift in Sources */ = {isa = PBXBuildFile; fileRef = BF88692A2859046900ACF3BB /* ROETests.swift */; };
		BF8869352859046A00ACF3BB /* ROEUITests.swift in Sources */ = {isa = PBXBuildFile; fileRef = BF8869342859046A00ACF3BB /* ROEUITests.swift */; };
		BF8869372859046A00ACF3BB /* ROEUITestsLaunchTests.swift in Sources */ = {isa = PBXBuildFile; fileRef = BF8869362859046A00ACF3BB /* ROEUITestsLaunchTests.swift */; };
/* End PBXBuildFile section */

/* Begin PBXContainerItemProxy section */
		BF8869272859046900ACF3BB /* PBXContainerItemProxy */ = {
			isa = PBXContainerItemProxy;
			containerPortal = BF8869052859046000ACF3BB /* Project object */;
			proxyType = 1;
			remoteGlobalIDString = BF88690C2859046000ACF3BB;
			remoteInfo = ROE;
		};
		BF8869312859046A00ACF3BB /* PBXContainerItemProxy */ = {
			isa = PBXContainerItemProxy;
			containerPortal = BF8869052859046000ACF3BB /* Project object */;
			proxyType = 1;
			remoteGlobalIDString = BF88690C2859046000ACF3BB;
			remoteInfo = ROE;
		};
/* End PBXContainerItemProxy section */

/* Begin PBXFileReference section */
		BF88690D2859046000ACF3BB /* ROE.app */ = {isa = PBXFileReference; explicitFileType = wrapper.application; includeInIndex = 0; path = ROE.app; sourceTree = BUILT_PRODUCTS_DIR; };
		BF8869102859046000ACF3BB /* AppDelegate.swift */ = {isa = PBXFileReference; lastKnownFileType = sourcecode.swift; path = AppDelegate.swift; sourceTree = "<group>"; };
		BF8869122859046000ACF3BB /* SceneDelegate.swift */ = {isa = PBXFileReference; lastKnownFileType = sourcecode.swift; path = SceneDelegate.swift; sourceTree = "<group>"; };
		BF8869142859046000ACF3BB /* ViewController.swift */ = {isa = PBXFileReference; lastKnownFileType = sourcecode.swift; path = ViewController.swift; sourceTree = "<group>"; };
		BF8869172859046000ACF3BB /* Base */ = {isa = PBXFileReference; lastKnownFileType = file.storyboard; name = Base; path = Base.lproj/Main.storyboard; sourceTree = "<group>"; };
		BF88691A2859046000ACF3BB /* ROE.xcdatamodel */ = {isa = PBXFileReference; lastKnownFileType = wrapper.xcdatamodel; path = ROE.xcdatamodel; sourceTree = "<group>"; };
		BF88691C2859046800ACF3BB /* Assets.xcassets */ = {isa = PBXFileReference; lastKnownFileType = folder.assetcatalog; path = Assets.xcassets; sourceTree = "<group>"; };
		BF88691F2859046800ACF3BB /* Base */ = {isa = PBXFileReference; lastKnownFileType = file.storyboard; name = Base; path = Base.lproj/LaunchScreen.storyboard; sourceTree = "<group>"; };
		BF8869212859046800ACF3BB /* Info.plist */ = {isa = PBXFileReference; lastKnownFileType = text.plist.xml; path = Info.plist; sourceTree = "<group>"; };
		BF8869262859046900ACF3BB /* ROETests.xctest */ = {isa = PBXFileReference; explicitFileType = wrapper.cfbundle; includeInIndex = 0; path = ROETests.xctest; sourceTree = BUILT_PRODUCTS_DIR; };
		BF88692A2859046900ACF3BB /* ROETests.swift */ = {isa = PBXFileReference; lastKnownFileType = sourcecode.swift; path = ROETests.swift; sourceTree = "<group>"; };
		BF8869302859046A00ACF3BB /* ROEUITests.xctest */ = {isa = PBXFileReference; explicitFileType = wrapper.cfbundle; includeInIndex = 0; path = ROEUITests.xctest; sourceTree = BUILT_PRODUCTS_DIR; };
		BF8869342859046A00ACF3BB /* ROEUITests.swift */ = {isa = PBXFileReference; lastKnownFileType = sourcecode.swift; path = ROEUITests.swift; sourceTree = "<group>"; };
		BF8869362859046A00ACF3BB /* ROEUITestsLaunchTests.swift */ = {isa = PBXFileReference; lastKnownFileType = sourcecode.swift; path = ROEUITestsLaunchTests.swift; sourceTree = "<group>"; };
/* End PBXFileReference section */

/* Begin PBXFrameworksBuildPhase section */
		BF88690A2859046000ACF3BB /* Frameworks */ = {
			isa = PBXFrameworksBuildPhase;
			buildActionMask = 2147483647;
			files = (
			);
			runOnlyForDeploymentPostprocessing = 0;
		};
		BF8869232859046900ACF3BB /* Frameworks */ = {
			isa = PBXFrameworksBuildPhase;
			buildActionMask = 2147483647;
			files = (
			);
			runOnlyForDeploymentPostprocessing = 0;
		};
		BF88692D2859046A00ACF3BB /* Frameworks */ = {
			isa = PBXFrameworksBuildPhase;
			buildActionMask = 2147483647;
			files = (
			);
			runOnlyForDeploymentPostprocessing = 0;
		};
/* End PBXFrameworksBuildPhase section */

/* Begin PBXGroup section */
		BF8869042859046000ACF3BB = {
			isa = PBXGroup;
			children = (
				BF88690F2859046000ACF3BB /* ROE */,
				BF8869292859046900ACF3BB /* ROETests */,
				BF8869332859046A00ACF3BB /* ROEUITests */,
				BF88690E2859046000ACF3BB /* Products */,
			);
			sourceTree = "<group>";
		};
		BF88690E2859046000ACF3BB /* Products */ = {
			isa = PBXGroup;
			children = (
				BF88690D2859046000ACF3BB /* ROE.app */,
				BF8869262859046900ACF3BB /* ROETests.xctest */,
				BF8869302859046A00ACF3BB /* ROEUITests.xctest */,
			);
			name = Products;
			sourceTree = "<group>";
		};
		BF88690F2859046000ACF3BB /* ROE */ = {
			isa = PBXGroup;
			children = (
				BF8869102859046000ACF3BB /* AppDelegate.swift */,
				BF8869122859046000ACF3BB /* SceneDelegate.swift */,
				BF8869142859046000ACF3BB /* ViewController.swift */,
				BF8869162859046000ACF3BB /* Main.storyboard */,
				BF88691C2859046800ACF3BB /* Assets.xcassets */,
				BF88691E2859046800ACF3BB /* LaunchScreen.storyboard */,
				BF8869212859046800ACF3BB /* Info.plist */,
				BF8869192859046000ACF3BB /* ROE.xcdatamodeld */,
			);
			path = ROE;
			sourceTree = "<group>";
		};
		BF8869292859046900ACF3BB /* ROETests */ = {
			isa = PBXGroup;
			children = (
				BF88692A2859046900ACF3BB /* ROETests.swift */,
			);
			path = ROETests;
			sourceTree = "<group>";
		};
		BF8869332859046A00ACF3BB /* ROEUITests */ = {
			isa = PBXGroup;
			children = (
				BF8869342859046A00ACF3BB /* ROEUITests.swift */,
				BF8869362859046A00ACF3BB /* ROEUITestsLaunchTests.swift */,
			);
			path = ROEUITests;
			sourceTree = "<group>";
		};
/* End PBXGroup section */

/* Begin PBXNativeTarget section */
		BF88690C2859046000ACF3BB /* ROE */ = {
			isa = PBXNativeTarget;
			buildConfigurationList = BF88693A2859046A00ACF3BB /* Build configuration list for PBXNativeTarget "ROE" */;
			buildPhases = (
				BF8869092859046000ACF3BB /* Sources */,
				BF88690A2859046000ACF3BB /* Frameworks */,
				BF88690B2859046000ACF3BB /* Resources */,
			);
			buildRules = (
			);
			dependencies = (
			);
			name = ROE;
			productName = ROE;
			productReference = BF88690D2859046000ACF3BB /* ROE.app */;
			productType = "com.apple.product-type.application";
		};
		BF8869252859046900ACF3BB /* ROETests */ = {
			isa = PBXNativeTarget;
			buildConfigurationList = BF88693D2859046A00ACF3BB /* Build configuration list for PBXNativeTarget "ROETests" */;
			buildPhases = (
				BF8869222859046900ACF3BB /* Sources */,
				BF8869232859046900ACF3BB /* Frameworks */,
				BF8869242859046900ACF3BB /* Resources */,
			);
			buildRules = (
			);
			dependencies = (
				BF8869282859046900ACF3BB /* PBXTargetDependency */,
			);
			name = ROETests;
			productName = ROETests;
			productReference = BF8869262859046900ACF3BB /* ROETests.xctest */;
			productType = "com.apple.product-type.bundle.unit-test";
		};
		BF88692F2859046A00ACF3BB /* ROEUITests */ = {
			isa = PBXNativeTarget;
			buildConfigurationList = BF8869402859046A00ACF3BB /* Build configuration list for PBXNativeTarget "ROEUITests" */;
			buildPhases = (
				BF88692C2859046A00ACF3BB /* Sources */,
				BF88692D2859046A00ACF3BB /* Frameworks */,
				BF88692E2859046A00ACF3BB /* Resources */,
			);
			buildRules = (
			);
			dependencies = (
				BF8869322859046A00ACF3BB /* PBXTargetDependency */,
			);
			name = ROEUITests;
			productName = ROEUITests;
			productReference = BF8869302859046A00ACF3BB /* ROEUITests.xctest */;
			productType = "com.apple.product-type.bundle.ui-testing";
		};
/* End PBXNativeTarget section */

/* Begin PBXProject section */
		BF8869052859046000ACF3BB /* Project object */ = {
			isa = PBXProject;
			attributes = {
				BuildIndependentTargetsInParallel = 1;
				LastSwiftUpdateCheck = 1340;
				LastUpgradeCheck = 1340;
				TargetAttributes = {
					BF88690C2859046000ACF3BB = {
						CreatedOnToolsVersion = 13.4.1;
					};
					BF8869252859046900ACF3BB = {
						CreatedOnToolsVersion = 13.4.1;
						TestTargetID = BF88690C2859046000ACF3BB;
					};
					BF88692F2859046A00ACF3BB = {
						CreatedOnToolsVersion = 13.4.1;
						TestTargetID = BF88690C2859046000ACF3BB;
					};
				};
			};
			buildConfigurationList = BF8869082859046000ACF3BB /* Build configuration list for PBXProject "ROE" */;
			compatibilityVersion = "Xcode 13.0";
			developmentRegion = en;
			hasScannedForEncodings = 0;
			knownRegions = (
				en,
				Base,
			);
			mainGroup = BF8869042859046000ACF3BB;
			productRefGroup = BF88690E2859046000ACF3BB /* Products */;
			projectDirPath = "";
			projectRoot = "";
			targets = (
				BF88690C2859046000ACF3BB /* ROE */,
				BF8869252859046900ACF3BB /* ROETests */,
				BF88692F2859046A00ACF3BB /* ROEUITests */,
			);
		};
/* End PBXProject section */

/* Begin PBXResourcesBuildPhase section */
		BF88690B2859046000ACF3BB /* Resources */ = {
			isa = PBXResourcesBuildPhase;
			buildActionMask = 2147483647;
			files = (
				BF8869202859046800ACF3BB /* LaunchScreen.storyboard in Resources */,
				BF88691D2859046800ACF3BB /* Assets.xcassets in Resources */,
				BF8869182859046000ACF3BB /* Main.storyboard in Resources */,
			);
			runOnlyForDeploymentPostprocessing = 0;
		};
		BF8869242859046900ACF3BB /* Resources */ = {
			isa = PBXResourcesBuildPhase;
			buildActionMask = 2147483647;
			files = (
			);
			runOnlyForDeploymentPostprocessing = 0;
		};
		BF88692E2859046A00ACF3BB /* Resources */ = {
			isa = PBXResourcesBuildPhase;
			buildActionMask = 2147483647;
			files = (
			);
			runOnlyForDeploymentPostprocessing = 0;
		};
/* End PBXResourcesBuildPhase section */

/* Begin PBXSourcesBuildPhase section */
		BF8869092859046000ACF3BB /* Sources */ = {
			isa = PBXSourcesBuildPhase;
			buildActionMask = 2147483647;
			files = (
				BF8869152859046000ACF3BB /* ViewController.swift in Sources */,
				BF8869112859046000ACF3BB /* AppDelegate.swift in Sources */,
				BF88691B2859046000ACF3BB /* ROE.xcdatamodeld in Sources */,
				BF8869132859046000ACF3BB /* SceneDelegate.swift in Sources */,
			);
			runOnlyForDeploymentPostprocessing = 0;
		};
		BF8869222859046900ACF3BB /* Sources */ = {
			isa = PBXSourcesBuildPhase;
			buildActionMask = 2147483647;
			files = (
				BF88692B2859046900ACF3BB /* ROETests.swift in Sources */,
			);
			runOnlyForDeploymentPostprocessing = 0;
		};
		BF88692C2859046A00ACF3BB /* Sources */ = {
			isa = PBXSourcesBuildPhase;
			buildActionMask = 2147483647;
			files = (
				BF8869352859046A00ACF3BB /* ROEUITests.swift in Sources */,
				BF8869372859046A00ACF3BB /* ROEUITestsLaunchTests.swift in Sources */,
			);
			runOnlyForDeploymentPostprocessing = 0;
		};
/* End PBXSourcesBuildPhase section */

/* Begin PBXTargetDependency section */
		BF8869282859046900ACF3BB /* PBXTargetDependency */ = {
			isa = PBXTargetDependency;
			target = BF88690C2859046000ACF3BB /* ROE */;
			targetProxy = BF8869272859046900ACF3BB /* PBXContainerItemProxy */;
		};
		BF8869322859046A00ACF3BB /* PBXTargetDependency */ = {
			isa = PBXTargetDependency;
			target = BF88690C2859046000ACF3BB /* ROE */;
			targetProxy = BF8869312859046A00ACF3BB /* PBXContainerItemProxy */;
		};
/* End PBXTargetDependency section */

/* Begin PBXVariantGroup section */
		BF8869162859046000ACF3BB /* Main.storyboard */ = {
			isa = PBXVariantGroup;
			children = (
				BF8869172859046000ACF3BB /* Base */,
			);
			name = Main.storyboard;
			sourceTree = "<group>";
		};
		BF88691E2859046800ACF3BB /* LaunchScreen.storyboard */ = {
			isa = PBXVariantGroup;
			children = (
				BF88691F2859046800ACF3BB /* Base */,
			);
			name = LaunchScreen.storyboard;
			sourceTree = "<group>";
		};
/* End PBXVariantGroup section */

/* Begin XCBuildConfiguration section */
		BF8869382859046A00ACF3BB /* Debug */ = {
			isa = XCBuildConfiguration;
			buildSettings = {
				ALWAYS_SEARCH_USER_PATHS = NO;
				CLANG_ANALYZER_NONNULL = YES;
				CLANG_ANALYZER_NUMBER_OBJECT_CONVERSION = YES_AGGRESSIVE;
				CLANG_CXX_LANGUAGE_STANDARD = "gnu++17";
				CLANG_ENABLE_MODULES = YES;
				CLANG_ENABLE_OBJC_ARC = YES;
				CLANG_ENABLE_OBJC_WEAK = YES;
				CLANG_WARN_BLOCK_CAPTURE_AUTORELEASING = YES;
				CLANG_WARN_BOOL_CONVERSION = YES;
				CLANG_WARN_COMMA = YES;
				CLANG_WARN_CONSTANT_CONVERSION = YES;
				CLANG_WARN_DEPRECATED_OBJC_IMPLEMENTATIONS = YES;
				CLANG_WARN_DIRECT_OBJC_ISA_USAGE = YES_ERROR;
				CLANG_WARN_DOCUMENTATION_COMMENTS = YES;
				CLANG_WARN_EMPTY_BODY = YES;
				CLANG_WARN_ENUM_CONVERSION = YES;
				CLANG_WARN_INFINITE_RECURSION = YES;
				CLANG_WARN_INT_CONVERSION = YES;
				CLANG_WARN_NON_LITERAL_NULL_CONVERSION = YES;
				CLANG_WARN_OBJC_IMPLICIT_RETAIN_SELF = YES;
				CLANG_WARN_OBJC_LITERAL_CONVERSION = YES;
				CLANG_WARN_OBJC_ROOT_CLASS = YES_ERROR;
				CLANG_WARN_QUOTED_INCLUDE_IN_FRAMEWORK_HEADER = YES;
				CLANG_WARN_RANGE_LOOP_ANALYSIS = YES;
				CLANG_WARN_STRICT_PROTOTYPES = YES;
				CLANG_WARN_SUSPICIOUS_MOVE = YES;
				CLANG_WARN_UNGUARDED_AVAILABILITY = YES_AGGRESSIVE;
				CLANG_WARN_UNREACHABLE_CODE = YES;
				CLANG_WARN__DUPLICATE_METHOD_MATCH = YES;
				COPY_PHASE_STRIP = NO;
				DEBUG_INFORMATION_FORMAT = dwarf;
				ENABLE_STRICT_OBJC_MSGSEND = YES;
				ENABLE_TESTABILITY = YES;
				GCC_C_LANGUAGE_STANDARD = gnu11;
				GCC_DYNAMIC_NO_PIC = NO;
				GCC_NO_COMMON_BLOCKS = YES;
				GCC_OPTIMIZATION_LEVEL = 0;
				GCC_PREPROCESSOR_DEFINITIONS = (
					"DEBUG=1",
					"$(inherited)",
				);
				GCC_WARN_64_TO_32_BIT_CONVERSION = YES;
				GCC_WARN_ABOUT_RETURN_TYPE = YES_ERROR;
				GCC_WARN_UNDECLARED_SELECTOR = YES;
				GCC_WARN_UNINITIALIZED_AUTOS = YES_AGGRESSIVE;
				GCC_WARN_UNUSED_FUNCTION = YES;
				GCC_WARN_UNUSED_VARIABLE = YES;
				IPHONEOS_DEPLOYMENT_TARGET = 15.5;
				MTL_ENABLE_DEBUG_INFO = INCLUDE_SOURCE;
				MTL_FAST_MATH = YES;
				ONLY_ACTIVE_ARCH = YES;
				SDKROOT = iphoneos;
				SWIFT_ACTIVE_COMPILATION_CONDITIONS = DEBUG;
				SWIFT_OPTIMIZATION_LEVEL = "-Onone";
			};
			name = Debug;
		};
		BF8869392859046A00ACF3BB /* Release */ = {
			isa = XCBuildConfiguration;
			buildSettings = {
				ALWAYS_SEARCH_USER_PATHS = NO;
				CLANG_ANALYZER_NONNULL = YES;
				CLANG_ANALYZER_NUMBER_OBJECT_CONVERSION = YES_AGGRESSIVE;
				CLANG_CXX_LANGUAGE_STANDARD = "gnu++17";
				CLANG_ENABLE_MODULES = YES;
				CLANG_ENABLE_OBJC_ARC = YES;
				CLANG_ENABLE_OBJC_WEAK = YES;
				CLANG_WARN_BLOCK_CAPTURE_AUTORELEASING = YES;
				CLANG_WARN_BOOL_CONVERSION = YES;
				CLANG_WARN_COMMA = YES;
				CLANG_WARN_CONSTANT_CONVERSION = YES;
				CLANG_WARN_DEPRECATED_OBJC_IMPLEMENTATIONS = YES;
				CLANG_WARN_DIRECT_OBJC_ISA_USAGE = YES_ERROR;
				CLANG_WARN_DOCUMENTATION_COMMENTS = YES;
				CLANG_WARN_EMPTY_BODY = YES;
				CLANG_WARN_ENUM_CONVERSION = YES;
				CLANG_WARN_INFINITE_RECURSION = YES;
				CLANG_WARN_INT_CONVERSION = YES;
				CLANG_WARN_NON_LITERAL_NULL_CONVERSION = YES;
				CLANG_WARN_OBJC_IMPLICIT_RETAIN_SELF = YES;
				CLANG_WARN_OBJC_LITERAL_CONVERSION = YES;
				CLANG_WARN_OBJC_ROOT_CLASS = YES_ERROR;
				CLANG_WARN_QUOTED_INCLUDE_IN_FRAMEWORK_HEADER = YES;
				CLANG_WARN_RANGE_LOOP_ANALYSIS = YES;
				CLANG_WARN_STRICT_PROTOTYPES = YES;
				CLANG_WARN_SUSPICIOUS_MOVE = YES;
				CLANG_WARN_UNGUARDED_AVAILABILITY = YES_AGGRESSIVE;
				CLANG_WARN_UNREACHABLE_CODE = YES;
				CLANG_WARN__DUPLICATE_METHOD_MATCH = YES;
				COPY_PHASE_STRIP = NO;
				DEBUG_INFORMATION_FORMAT = "dwarf-with-dsym";
				ENABLE_NS_ASSERTIONS = NO;
				ENABLE_STRICT_OBJC_MSGSEND = YES;
				GCC_C_LANGUAGE_STANDARD = gnu11;
				GCC_NO_COMMON_BLOCKS = YES;
				GCC_WARN_64_TO_32_BIT_CONVERSION = YES;
				GCC_WARN_ABOUT_RETURN_TYPE = YES_ERROR;
				GCC_WARN_UNDECLARED_SELECTOR = YES;
				GCC_WARN_UNINITIALIZED_AUTOS = YES_AGGRESSIVE;
				GCC_WARN_UNUSED_FUNCTION = YES;
				GCC_WARN_UNUSED_VARIABLE = YES;
				IPHONEOS_DEPLOYMENT_TARGET = 15.5;
				MTL_ENABLE_DEBUG_INFO = NO;
				MTL_FAST_MATH = YES;
				SDKROOT = iphoneos;
				SWIFT_COMPILATION_MODE = wholemodule;
				SWIFT_OPTIMIZATION_LEVEL = "-O";
				VALIDATE_PRODUCT = YES;
			};
			name = Release;
		};
		BF88693B2859046A00ACF3BB /* Debug */ = {
			isa = XCBuildConfiguration;
			buildSettings = {
				ASSETCATALOG_COMPILER_APPICON_NAME = AppIcon;
				ASSETCATALOG_COMPILER_GLOBAL_ACCENT_COLOR_NAME = AccentColor;
				CODE_SIGN_STYLE = Automatic;
				CURRENT_PROJECT_VERSION = 1;
				DEVELOPMENT_TEAM = 3Q2QRXJ4ZP;
				GENERATE_INFOPLIST_FILE = YES;
				INFOPLIST_FILE = ROE/Info.plist;
				INFOPLIST_KEY_UIApplicationSupportsIndirectInputEvents = YES;
				INFOPLIST_KEY_UILaunchStoryboardName = LaunchScreen;
				INFOPLIST_KEY_UIMainStoryboardFile = Main;
				INFOPLIST_KEY_UISupportedInterfaceOrientations_iPad = "UIInterfaceOrientationPortrait UIInterfaceOrientationPortraitUpsideDown UIInterfaceOrientationLandscapeLeft UIInterfaceOrientationLandscapeRight";
				INFOPLIST_KEY_UISupportedInterfaceOrientations_iPhone = "UIInterfaceOrientationPortrait UIInterfaceOrientationLandscapeLeft UIInterfaceOrientationLandscapeRight";
				LD_RUNPATH_SEARCH_PATHS = (
					"$(inherited)",
					"@executable_path/Frameworks",
				);
				MARKETING_VERSION = 1.0;
				PRODUCT_BUNDLE_IDENTIFIER = "Claire-Ryu.ROE";
				PRODUCT_NAME = "$(TARGET_NAME)";
				SWIFT_EMIT_LOC_STRINGS = YES;
				SWIFT_VERSION = 5.0;
				TARGETED_DEVICE_FAMILY = "1,2";
			};
			name = Debug;
		};
		BF88693C2859046A00ACF3BB /* Release */ = {
			isa = XCBuildConfiguration;
			buildSettings = {
				ASSETCATALOG_COMPILER_APPICON_NAME = AppIcon;
				ASSETCATALOG_COMPILER_GLOBAL_ACCENT_COLOR_NAME = AccentColor;
				CODE_SIGN_STYLE = Automatic;
				CURRENT_PROJECT_VERSION = 1;
				DEVELOPMENT_TEAM = 3Q2QRXJ4ZP;
				GENERATE_INFOPLIST_FILE = YES;
				INFOPLIST_FILE = ROE/Info.plist;
				INFOPLIST_KEY_UIApplicationSupportsIndirectInputEvents = YES;
				INFOPLIST_KEY_UILaunchStoryboardName = LaunchScreen;
				INFOPLIST_KEY_UIMainStoryboardFile = Main;
				INFOPLIST_KEY_UISupportedInterfaceOrientations_iPad = "UIInterfaceOrientationPortrait UIInterfaceOrientationPortraitUpsideDown UIInterfaceOrientationLandscapeLeft UIInterfaceOrientationLandscapeRight";
				INFOPLIST_KEY_UISupportedInterfaceOrientations_iPhone = "UIInterfaceOrientationPortrait UIInterfaceOrientationLandscapeLeft UIInterfaceOrientationLandscapeRight";
				LD_RUNPATH_SEARCH_PATHS = (
					"$(inherited)",
					"@executable_path/Frameworks",
				);
				MARKETING_VERSION = 1.0;
				PRODUCT_BUNDLE_IDENTIFIER = "Claire-Ryu.ROE";
				PRODUCT_NAME = "$(TARGET_NAME)";
				SWIFT_EMIT_LOC_STRINGS = YES;
				SWIFT_VERSION = 5.0;
				TARGETED_DEVICE_FAMILY = "1,2";
			};
			name = Release;
		};
		BF88693E2859046A00ACF3BB /* Debug */ = {
			isa = XCBuildConfiguration;
			buildSettings = {
				ALWAYS_EMBED_SWIFT_STANDARD_LIBRARIES = YES;
				BUNDLE_LOADER = "$(TEST_HOST)";
				CODE_SIGN_STYLE = Automatic;
				CURRENT_PROJECT_VERSION = 1;
				DEVELOPMENT_TEAM = 3Q2QRXJ4ZP;
				GENERATE_INFOPLIST_FILE = YES;
				IPHONEOS_DEPLOYMENT_TARGET = 15.5;
				MARKETING_VERSION = 1.0;
				PRODUCT_BUNDLE_IDENTIFIER = "Claire-Ryu.ROETests";
				PRODUCT_NAME = "$(TARGET_NAME)";
				SWIFT_EMIT_LOC_STRINGS = NO;
				SWIFT_VERSION = 5.0;
				TARGETED_DEVICE_FAMILY = "1,2";
				TEST_HOST = "$(BUILT_PRODUCTS_DIR)/ROE.app/ROE";
			};
			name = Debug;
		};
		BF88693F2859046A00ACF3BB /* Release */ = {
			isa = XCBuildConfiguration;
			buildSettings = {
				ALWAYS_EMBED_SWIFT_STANDARD_LIBRARIES = YES;
				BUNDLE_LOADER = "$(TEST_HOST)";
				CODE_SIGN_STYLE = Automatic;
				CURRENT_PROJECT_VERSION = 1;
				DEVELOPMENT_TEAM = 3Q2QRXJ4ZP;
				GENERATE_INFOPLIST_FILE = YES;
				IPHONEOS_DEPLOYMENT_TARGET = 15.5;
				MARKETING_VERSION = 1.0;
				PRODUCT_BUNDLE_IDENTIFIER = "Claire-Ryu.ROETests";
				PRODUCT_NAME = "$(TARGET_NAME)";
				SWIFT_EMIT_LOC_STRINGS = NO;
				SWIFT_VERSION = 5.0;
				TARGETED_DEVICE_FAMILY = "1,2";
				TEST_HOST = "$(BUILT_PRODUCTS_DIR)/ROE.app/ROE";
			};
			name = Release;
		};
		BF8869412859046A00ACF3BB /* Debug */ = {
			isa = XCBuildConfiguration;
			buildSettings = {
				ALWAYS_EMBED_SWIFT_STANDARD_LIBRARIES = YES;
				CODE_SIGN_STYLE = Automatic;
				CURRENT_PROJECT_VERSION = 1;
				DEVELOPMENT_TEAM = 3Q2QRXJ4ZP;
				GENERATE_INFOPLIST_FILE = YES;
				MARKETING_VERSION = 1.0;
				PRODUCT_BUNDLE_IDENTIFIER = "Claire-Ryu.ROEUITests";
				PRODUCT_NAME = "$(TARGET_NAME)";
				SWIFT_EMIT_LOC_STRINGS = NO;
				SWIFT_VERSION = 5.0;
				TARGETED_DEVICE_FAMILY = "1,2";
				TEST_TARGET_NAME = ROE;
			};
			name = Debug;
		};
		BF8869422859046A00ACF3BB /* Release */ = {
			isa = XCBuildConfiguration;
			buildSettings = {
				ALWAYS_EMBED_SWIFT_STANDARD_LIBRARIES = YES;
				CODE_SIGN_STYLE = Automatic;
				CURRENT_PROJECT_VERSION = 1;
				DEVELOPMENT_TEAM = 3Q2QRXJ4ZP;
				GENERATE_INFOPLIST_FILE = YES;
				MARKETING_VERSION = 1.0;
				PRODUCT_BUNDLE_IDENTIFIER = "Claire-Ryu.ROEUITests";
				PRODUCT_NAME = "$(TARGET_NAME)";
				SWIFT_EMIT_LOC_STRINGS = NO;
				SWIFT_VERSION = 5.0;
				TARGETED_DEVICE_FAMILY = "1,2";
				TEST_TARGET_NAME = ROE;
			};
			name = Release;
		};
/* End XCBuildConfiguration section */

/* Begin XCConfigurationList section */
		BF8869082859046000ACF3BB /* Build configuration list for PBXProject "ROE" */ = {
			isa = XCConfigurationList;
			buildConfigurations = (
				BF8869382859046A00ACF3BB /* Debug */,
				BF8869392859046A00ACF3BB /* Release */,
			);
			defaultConfigurationIsVisible = 0;
			defaultConfigurationName = Release;
		};
		BF88693A2859046A00ACF3BB /* Build configuration list for PBXNativeTarget "ROE" */ = {
			isa = XCConfigurationList;
			buildConfigurations = (
				BF88693B2859046A00ACF3BB /* Debug */,
				BF88693C2859046A00ACF3BB /* Release */,
			);
			defaultConfigurationIsVisible = 0;
			defaultConfigurationName = Release;
		};
		BF88693D2859046A00ACF3BB /* Build configuration list for PBXNativeTarget "ROETests" */ = {
			isa = XCConfigurationList;
			buildConfigurations = (
				BF88693E2859046A00ACF3BB /* Debug */,
				BF88693F2859046A00ACF3BB /* Release */,
			);
			defaultConfigurationIsVisible = 0;
			defaultConfigurationName = Release;
		};
		BF8869402859046A00ACF3BB /* Build configuration list for PBXNativeTarget "ROEUITests" */ = {
			isa = XCConfigurationList;
			buildConfigurations = (
				BF8869412859046A00ACF3BB /* Debug */,
				BF8869422859046A00ACF3BB /* Release */,
			);
			defaultConfigurationIsVisible = 0;
			defaultConfigurationName = Release;
		};
/* End XCConfigurationList section */

/* Begin XCVersionGroup section */
		BF8869192859046000ACF3BB /* ROE.xcdatamodeld */ = {
			isa = XCVersionGroup;
			children = (
				BF88691A2859046000ACF3BB /* ROE.xcdatamodel */,
			);
			currentVersion = BF88691A2859046000ACF3BB /* ROE.xcdatamodel */;
			path = ROE.xcdatamodeld;
			sourceTree = "<group>";
			versionGroupType = wrapper.xcdatamodel;
		};
/* End XCVersionGroup section */
	};
	rootObject = BF8869052859046000ACF3BB /* Project object */;
}
